
Microsoft Visual Studio Solution File, Format Version 12.00
# Visual Studio 15
VisualStudioVersion = 15.0.27428.2043
MinimumVisualStudioVersion = 10.0.40219.1
Project("{8BC9CEB8-8B4A-11D0-8D11-00A0C91BC942}") = "DGEMM", "DGEMM.vcxproj", "{75CF9FB5-5294-4735-9E9F-DE912BD43158}"
EndProject
Global
	GlobalSection(SolutionConfigurationPlatforms) = preSolution
		Debug|x64 = Debug|x64
		Debug|x86 = Debug|x86
		Release|x64 = Release|x64
		Release|x86 = Release|x86
	EndGlobalSection
	GlobalSection(ProjectConfigurationPlatforms) = postSolution
		{75CF9FB5-5294-4735-9E9F-DE912BD43158}.Debug|x64.ActiveCfg = Debug|x64
		{75CF9FB5-5294-4735-9E9F-DE912BD43158}.Debug|x64.Build.0 = Debug|x64
		{75CF9FB5-5294-4735-9E9F-DE912BD43158}.Debug|x86.ActiveCfg = Debug|Win32
		{75CF9FB5-5294-4735-9E9F-DE912BD43158}.Debug|x86.Build.0 = Debug|Win32
		{75CF9FB5-5294-4735-9E9F-DE912BD43158}.Release|x64.ActiveCfg = Release|x64
		{75CF9FB5-5294-4735-9E9F-DE912BD43158}.Release|x64.Build.0 = Release|x64
		{75CF9FB5-5294-4735-9E9F-DE912BD43158}.Release|x86.ActiveCfg = Release|Win32
		{75CF9FB5-5294-4735-9E9F-DE912BD43158}.Release|x86.Build.0 = Release|Win32
	EndGlobalSection
	GlobalSection(SolutionProperties) = preSolution
		HideSolutionNode = FALSE
	EndGlobalSection
	GlobalSection(ExtensibilityGlobals) = postSolution
		SolutionGuid = {A1083E96-B9EF-4FD3-8391-DFAE8EE12C5F}
	EndGlobalSection
EndGlobal
